{
  "nodes": {
    "flake-utils": {
      "locked": {
        "lastModified": 1629481132,
        "narHash": "sha256-JHgasjPR0/J1J3DRm4KxM4zTyAj4IOJY8vIl75v/kPI=",
        "owner": "numtide",
        "repo": "flake-utils",
        "rev": "997f7efcb746a9c140ce1f13c72263189225f482",
        "type": "github"
      },
      "original": {
        "owner": "numtide",
        "repo": "flake-utils",
        "type": "github"
      }
    },
    "flake-utils_2": {
      "locked": {
        "lastModified": 1629481132,
        "narHash": "sha256-JHgasjPR0/J1J3DRm4KxM4zTyAj4IOJY8vIl75v/kPI=",
        "owner": "numtide",
        "repo": "flake-utils",
        "rev": "997f7efcb746a9c140ce1f13c72263189225f482",
        "type": "github"
      },
      "original": {
        "owner": "numtide",
        "repo": "flake-utils",
        "type": "github"
      }
    },
    "flake-utils_3": {
      "locked": {
        "lastModified": 1629481132,
        "narHash": "sha256-JHgasjPR0/J1J3DRm4KxM4zTyAj4IOJY8vIl75v/kPI=",
        "owner": "numtide",
        "repo": "flake-utils",
        "rev": "997f7efcb746a9c140ce1f13c72263189225f482",
        "type": "github"
      },
      "original": {
        "owner": "numtide",
        "repo": "flake-utils",
        "type": "github"
      }
    },
    "flake-utils_4": {
      "locked": {
        "lastModified": 1629481132,
        "narHash": "sha256-JHgasjPR0/J1J3DRm4KxM4zTyAj4IOJY8vIl75v/kPI=",
        "owner": "numtide",
        "repo": "flake-utils",
        "rev": "997f7efcb746a9c140ce1f13c72263189225f482",
        "type": "github"
      },
      "original": {
        "owner": "numtide",
        "repo": "flake-utils",
        "type": "github"
      }
    },
    "git-ignore-nix": {
      "inputs": {
        "nixpkgs": "nixpkgs_2"
      },
      "locked": {
        "lastModified": 1626413882,
        "narHash": "sha256-ZHw1YVsrs7rG9jPEH0ZabbbCTdnVr48FAwK6GCQPSF4=",
        "owner": "IvanMalison",
        "repo": "gitignore.nix",
        "rev": "a2ffb0bfd0145ca57d792a6f9f76f5c305ca29b7",
        "type": "github"
      },
      "original": {
        "owner": "IvanMalison",
        "ref": "master",
        "repo": "gitignore.nix",
        "type": "github"
      }
    },
    "git-ignore-nix_2": {
      "inputs": {
        "nixpkgs": "nixpkgs_3"
      },
      "locked": {
        "lastModified": 1626413882,
        "narHash": "sha256-ZHw1YVsrs7rG9jPEH0ZabbbCTdnVr48FAwK6GCQPSF4=",
        "owner": "IvanMalison",
        "repo": "gitignore.nix",
        "rev": "a2ffb0bfd0145ca57d792a6f9f76f5c305ca29b7",
        "type": "github"
      },
      "original": {
        "owner": "IvanMalison",
        "ref": "master",
        "repo": "gitignore.nix",
        "type": "github"
      }
    },
    "git-ignore-nix_3": {
      "inputs": {
        "nixpkgs": "nixpkgs_4"
      },
      "locked": {
        "lastModified": 1626413882,
        "narHash": "sha256-ZHw1YVsrs7rG9jPEH0ZabbbCTdnVr48FAwK6GCQPSF4=",
        "owner": "IvanMalison",
        "repo": "gitignore.nix",
        "rev": "a2ffb0bfd0145ca57d792a6f9f76f5c305ca29b7",
        "type": "github"
      },
      "original": {
        "owner": "IvanMalison",
        "ref": "master",
        "repo": "gitignore.nix",
        "type": "github"
      }
    },
    "nixpkgs": {
      "locked": {
        "lastModified": 1630507928,
        "narHash": "sha256-S9PLMfHnbkKEDOSB66yjOmgdQkad0Pwocre3eERoR1E=",
        "owner": "NixOS",
        "repo": "nixpkgs",
        "rev": "1c49627ba7bbb826571cbb30ae81715a00c495d9",
        "type": "github"
      },
      "original": {
        "id": "nixpkgs",
        "type": "indirect"
      }
    },
    "nixpkgs_2": {
      "locked": {
        "lastModified": 1630507928,
        "narHash": "sha256-S9PLMfHnbkKEDOSB66yjOmgdQkad0Pwocre3eERoR1E=",
        "owner": "NixOS",
        "repo": "nixpkgs",
        "rev": "1c49627ba7bbb826571cbb30ae81715a00c495d9",
        "type": "github"
      },
      "original": {
        "id": "nixpkgs",
        "type": "indirect"
      }
    },
    "nixpkgs_3": {
      "locked": {
        "lastModified": 1630507928,
        "narHash": "sha256-S9PLMfHnbkKEDOSB66yjOmgdQkad0Pwocre3eERoR1E=",
        "owner": "NixOS",
        "repo": "nixpkgs",
        "rev": "1c49627ba7bbb826571cbb30ae81715a00c495d9",
        "type": "github"
      },
      "original": {
        "id": "nixpkgs",
        "type": "indirect"
      }
    },
    "nixpkgs_4": {
      "locked": {
        "lastModified": 1630507928,
        "narHash": "sha256-S9PLMfHnbkKEDOSB66yjOmgdQkad0Pwocre3eERoR1E=",
        "owner": "NixOS",
        "repo": "nixpkgs",
        "rev": "1c49627ba7bbb826571cbb30ae81715a00c495d9",
        "type": "github"
      },
      "original": {
        "id": "nixpkgs",
        "type": "indirect"
      }
    },
    "root": {
      "inputs": {
        "flake-utils": "flake-utils",
        "nixpkgs": "nixpkgs",
        "xmonad": "xmonad",
        "xmonad-contrib": "xmonad-contrib"
      }
    },
    "xmonad": {
      "inputs": {
        "flake-utils": "flake-utils_2",
        "git-ignore-nix": "git-ignore-nix",
        "nixpkgs": [
          "nixpkgs"
        ]
      },
      "locked": {
        "lastModified": 1630343063,
        "narHash": "sha256-MfCTjbB2erK50qvHxHYbyEvgK+q/ligixnIU0WpAH8I=",
        "owner": "xmonad",
        "repo": "xmonad",
        "rev": "f89df98f4022b5142760b86a2ad85b4e90e583b3",
        "type": "github"
      },
      "original": {
        "owner": "xmonad",
        "repo": "xmonad",
        "type": "github"
      }
    },
    "xmonad-contrib": {
      "inputs": {
        "flake-utils": "flake-utils_3",
        "git-ignore-nix": "git-ignore-nix_2",
        "nixpkgs": [
          "nixpkgs"
        ],
        "xmonad": "xmonad_2"
      },
      "locked": {
        "lastModified": 1630313282,
        "narHash": "sha256-a0NQX5hcaToVyTrRS3vHdYyDOc0F8pMbf8q9l1oybsc=",
        "owner": "xmonad",
        "repo": "xmonad-contrib",
        "rev": "81339f2044334c38f4c753f6a5fa905ae9e9db3a",
        "type": "github"
      },
      "original": {
        "owner": "xmonad",
        "repo": "xmonad-contrib",
        "type": "github"
      }
    },
    "xmonad_2": {
      "inputs": {
        "flake-utils": "flake-utils_4",
        "git-ignore-nix": "git-ignore-nix_3",
        "nixpkgs": [
          "nixpkgs"
        ]
      },
      "locked": {
        "lastModified": 1630343063,
        "narHash": "sha256-MfCTjbB2erK50qvHxHYbyEvgK+q/ligixnIU0WpAH8I=",
        "owner": "xmonad",
        "repo": "xmonad",
        "rev": "f89df98f4022b5142760b86a2ad85b4e90e583b3",
        "type": "github"
      },
      "original": {
        "owner": "xmonad",
        "repo": "xmonad",
        "type": "github"
      }
    }
  },
  "root": "root",
  "version": 7
}
