{
  "nodes": {
    "emacs-overlay": {
      "locked": {
        "lastModified": 1636881202,
        "narHash": "sha256-XmXmV7ddohRKXcVzVDdw6LB0/53gu+rjQ+vScdakKGM=",
        "owner": "nix-community",
        "repo": "emacs-overlay",
        "rev": "23c8464f4527a2b19f6b4776378dd03b8289aa85",
        "type": "github"
      },
      "original": {
        "owner": "nix-community",
        "repo": "emacs-overlay",
        "type": "github"
      }
    },
    "flake-utils": {
      "locked": {
        "lastModified": 1634851050,
        "narHash": "sha256-N83GlSGPJJdcqhUxSCS/WwW5pksYf3VP1M13cDRTSVA=",
        "owner": "numtide",
        "repo": "flake-utils",
        "rev": "c91f3de5adaf1de973b797ef7485e441a65b8935",
        "type": "github"
      },
      "original": {
        "owner": "numtide",
        "repo": "flake-utils",
        "type": "github"
      }
    },
    "flake-utils_2": {
      "locked": {
        "lastModified": 1634851050,
        "narHash": "sha256-N83GlSGPJJdcqhUxSCS/WwW5pksYf3VP1M13cDRTSVA=",
        "owner": "numtide",
        "repo": "flake-utils",
        "rev": "c91f3de5adaf1de973b797ef7485e441a65b8935",
        "type": "github"
      },
      "original": {
        "owner": "numtide",
        "repo": "flake-utils",
        "type": "github"
      }
    },
    "flake-utils_3": {
      "locked": {
        "lastModified": 1634851050,
        "narHash": "sha256-N83GlSGPJJdcqhUxSCS/WwW5pksYf3VP1M13cDRTSVA=",
        "owner": "numtide",
        "repo": "flake-utils",
        "rev": "c91f3de5adaf1de973b797ef7485e441a65b8935",
        "type": "github"
      },
      "original": {
        "owner": "numtide",
        "repo": "flake-utils",
        "type": "github"
      }
    },
    "flake-utils_4": {
      "locked": {
        "lastModified": 1634851050,
        "narHash": "sha256-N83GlSGPJJdcqhUxSCS/WwW5pksYf3VP1M13cDRTSVA=",
        "owner": "numtide",
        "repo": "flake-utils",
        "rev": "c91f3de5adaf1de973b797ef7485e441a65b8935",
        "type": "github"
      },
      "original": {
        "owner": "numtide",
        "repo": "flake-utils",
        "type": "github"
      }
    },
    "git-ignore-nix": {
      "inputs": {
        "nixpkgs": "nixpkgs_3"
      },
      "locked": {
        "lastModified": 1626413882,
        "narHash": "sha256-ZHw1YVsrs7rG9jPEH0ZabbbCTdnVr48FAwK6GCQPSF4=",
        "owner": "IvanMalison",
        "repo": "gitignore.nix",
        "rev": "a2ffb0bfd0145ca57d792a6f9f76f5c305ca29b7",
        "type": "github"
      },
      "original": {
        "owner": "IvanMalison",
        "ref": "master",
        "repo": "gitignore.nix",
        "type": "github"
      }
    },
    "git-ignore-nix_2": {
      "inputs": {
        "nixpkgs": "nixpkgs_5"
      },
      "locked": {
        "lastModified": 1626413882,
        "narHash": "sha256-ZHw1YVsrs7rG9jPEH0ZabbbCTdnVr48FAwK6GCQPSF4=",
        "owner": "IvanMalison",
        "repo": "gitignore.nix",
        "rev": "a2ffb0bfd0145ca57d792a6f9f76f5c305ca29b7",
        "type": "github"
      },
      "original": {
        "owner": "IvanMalison",
        "ref": "master",
        "repo": "gitignore.nix",
        "type": "github"
      }
    },
    "git-ignore-nix_3": {
      "inputs": {
        "nixpkgs": "nixpkgs_7"
      },
      "locked": {
        "lastModified": 1626413882,
        "narHash": "sha256-ZHw1YVsrs7rG9jPEH0ZabbbCTdnVr48FAwK6GCQPSF4=",
        "owner": "IvanMalison",
        "repo": "gitignore.nix",
        "rev": "a2ffb0bfd0145ca57d792a6f9f76f5c305ca29b7",
        "type": "github"
      },
      "original": {
        "owner": "IvanMalison",
        "ref": "master",
        "repo": "gitignore.nix",
        "type": "github"
      }
    },
    "git-ignore-nix_4": {
      "inputs": {
        "nixpkgs": "nixpkgs_9"
      },
      "locked": {
        "lastModified": 1626413882,
        "narHash": "sha256-ZHw1YVsrs7rG9jPEH0ZabbbCTdnVr48FAwK6GCQPSF4=",
        "owner": "IvanMalison",
        "repo": "gitignore.nix",
        "rev": "a2ffb0bfd0145ca57d792a6f9f76f5c305ca29b7",
        "type": "github"
      },
      "original": {
        "owner": "IvanMalison",
        "ref": "master",
        "repo": "gitignore.nix",
        "type": "github"
      }
    },
    "home-manager": {
      "inputs": {
        "nixpkgs": "nixpkgs"
      },
      "locked": {
        "lastModified": 1636847964,
        "narHash": "sha256-hH2lbDgOPwCtlWDwp0wVCcOK7x0mtLf4nrNWfvUWrA8=",
        "owner": "rycee",
        "repo": "home-manager",
        "rev": "accfbdf215dbf39eac2fbae67b574dac0be83d51",
        "type": "github"
      },
      "original": {
        "owner": "rycee",
        "ref": "master",
        "repo": "home-manager",
        "type": "github"
      }
    },
    "nixos-hardware": {
      "locked": {
        "lastModified": 1636877509,
        "narHash": "sha256-0c2fnIlpNqcgxg8JK6Qa3iY4r93MFn2TQ4/3y9W5B7g=",
        "owner": "NixOS",
        "repo": "nixos-hardware",
        "rev": "4045d5f43aff4440661d8912fc6e373188d15b5b",
        "type": "github"
      },
      "original": {
        "owner": "NixOS",
        "ref": "master",
        "repo": "nixos-hardware",
        "type": "github"
      }
    },
    "nixpkgs": {
      "locked": {
        "lastModified": 1636889493,
        "narHash": "sha256-t2TsYeolUc1NGudqfaET9xk+H5KlnuEbeEKojYv3bic=",
        "owner": "NixOS",
        "repo": "nixpkgs",
        "rev": "2a909594f14ee6ed3297bff75015300e30216da2",
        "type": "github"
      },
      "original": {
        "id": "nixpkgs",
        "type": "indirect"
      }
    },
    "nixpkgs_10": {
      "locked": {
        "lastModified": 1636889493,
        "narHash": "sha256-t2TsYeolUc1NGudqfaET9xk+H5KlnuEbeEKojYv3bic=",
        "owner": "NixOS",
        "repo": "nixpkgs",
        "rev": "2a909594f14ee6ed3297bff75015300e30216da2",
        "type": "github"
      },
      "original": {
        "id": "nixpkgs",
        "type": "indirect"
      }
    },
    "nixpkgs_2": {
      "locked": {
        "lastModified": 1636623366,
        "narHash": "sha256-jOQMlv9qFSj0U66HB+ujZoapty0UbewmSNbX8+3ujUQ=",
        "owner": "nixos",
        "repo": "nixpkgs",
        "rev": "c5ed8beb478a8ca035f033f659b60c89500a3034",
        "type": "github"
      },
      "original": {
        "owner": "nixos",
        "ref": "nixos-unstable",
        "repo": "nixpkgs",
        "type": "github"
      }
    },
    "nixpkgs_3": {
      "locked": {
        "lastModified": 1636889493,
        "narHash": "sha256-t2TsYeolUc1NGudqfaET9xk+H5KlnuEbeEKojYv3bic=",
        "owner": "NixOS",
        "repo": "nixpkgs",
        "rev": "2a909594f14ee6ed3297bff75015300e30216da2",
        "type": "github"
      },
      "original": {
        "id": "nixpkgs",
        "type": "indirect"
      }
    },
    "nixpkgs_4": {
      "locked": {
        "lastModified": 1636889493,
        "narHash": "sha256-t2TsYeolUc1NGudqfaET9xk+H5KlnuEbeEKojYv3bic=",
        "owner": "NixOS",
        "repo": "nixpkgs",
        "rev": "2a909594f14ee6ed3297bff75015300e30216da2",
        "type": "github"
      },
      "original": {
        "id": "nixpkgs",
        "type": "indirect"
      }
    },
    "nixpkgs_5": {
      "locked": {
        "lastModified": 1636889493,
        "narHash": "sha256-t2TsYeolUc1NGudqfaET9xk+H5KlnuEbeEKojYv3bic=",
        "owner": "NixOS",
        "repo": "nixpkgs",
        "rev": "2a909594f14ee6ed3297bff75015300e30216da2",
        "type": "github"
      },
      "original": {
        "id": "nixpkgs",
        "type": "indirect"
      }
    },
    "nixpkgs_6": {
      "locked": {
        "lastModified": 1636889493,
        "narHash": "sha256-t2TsYeolUc1NGudqfaET9xk+H5KlnuEbeEKojYv3bic=",
        "owner": "NixOS",
        "repo": "nixpkgs",
        "rev": "2a909594f14ee6ed3297bff75015300e30216da2",
        "type": "github"
      },
      "original": {
        "id": "nixpkgs",
        "type": "indirect"
      }
    },
    "nixpkgs_7": {
      "locked": {
        "lastModified": 1636889493,
        "narHash": "sha256-t2TsYeolUc1NGudqfaET9xk+H5KlnuEbeEKojYv3bic=",
        "owner": "NixOS",
        "repo": "nixpkgs",
        "rev": "2a909594f14ee6ed3297bff75015300e30216da2",
        "type": "github"
      },
      "original": {
        "id": "nixpkgs",
        "type": "indirect"
      }
    },
    "nixpkgs_8": {
      "locked": {
        "lastModified": 1636889493,
        "narHash": "sha256-t2TsYeolUc1NGudqfaET9xk+H5KlnuEbeEKojYv3bic=",
        "owner": "NixOS",
        "repo": "nixpkgs",
        "rev": "2a909594f14ee6ed3297bff75015300e30216da2",
        "type": "github"
      },
      "original": {
        "id": "nixpkgs",
        "type": "indirect"
      }
    },
    "nixpkgs_9": {
      "locked": {
        "lastModified": 1636889493,
        "narHash": "sha256-t2TsYeolUc1NGudqfaET9xk+H5KlnuEbeEKojYv3bic=",
        "owner": "NixOS",
        "repo": "nixpkgs",
        "rev": "2a909594f14ee6ed3297bff75015300e30216da2",
        "type": "github"
      },
      "original": {
        "id": "nixpkgs",
        "type": "indirect"
      }
    },
    "nur": {
      "locked": {
        "lastModified": 1636868214,
        "narHash": "sha256-zLS70s9b0IBUy6E0ANxGR//koo+bIxxIgBUB5jM5+RQ=",
        "owner": "nix-community",
        "repo": "NUR",
        "rev": "67af5a4587d136bf980e6835575ffb345ffb7064",
        "type": "github"
      },
      "original": {
        "owner": "nix-community",
        "repo": "NUR",
        "type": "github"
      }
    },
    "root": {
      "inputs": {
        "emacs-overlay": "emacs-overlay",
        "home-manager": "home-manager",
        "nixos-hardware": "nixos-hardware",
        "nixpkgs": "nixpkgs_2",
        "nur": "nur",
        "xmobar": "xmobar",
        "xmonad": "xmonad",
        "xmonad-contrib": "xmonad-contrib"
      }
    },
    "xmobar": {
      "inputs": {
        "flake-utils": "flake-utils",
        "git-ignore-nix": "git-ignore-nix",
        "nixpkgs": "nixpkgs_4"
      },
      "locked": {
        "lastModified": 1634730894,
        "narHash": "sha256-Ux87dcHvFeTz+FUEXU3RBhFdDaNnaeR+zw9s5CRI7EE=",
        "owner": "alternateved",
        "repo": "xmobar",
        "rev": "66eb19db6c7fe09fd2e89dd3cafaa48efd78512d",
        "type": "github"
      },
      "original": {
        "owner": "alternateved",
        "repo": "xmobar",
        "type": "github"
      }
    },
    "xmonad": {
      "inputs": {
        "flake-utils": "flake-utils_2",
        "git-ignore-nix": "git-ignore-nix_2",
        "nixpkgs": "nixpkgs_6"
      },
      "locked": {
        "lastModified": 1636395307,
        "narHash": "sha256-g9sN9ecXkhoXWRCDrTPxg/w7mQZdbOSP3wGjOcV87SI=",
        "owner": "xmonad",
        "repo": "xmonad",
        "rev": "7f6d758ce5f6a111d4fadd137eead9a0ed6344cf",
        "type": "github"
      },
      "original": {
        "owner": "xmonad",
        "repo": "xmonad",
        "type": "github"
      }
    },
    "xmonad-contrib": {
      "inputs": {
        "flake-utils": "flake-utils_3",
        "git-ignore-nix": "git-ignore-nix_3",
        "nixpkgs": "nixpkgs_8",
        "xmonad": "xmonad_2"
      },
      "locked": {
        "lastModified": 1636742841,
        "narHash": "sha256-oagV9a2+wp+c+7iQeDCd5wmWuAjzZH1pbtFyzlKb0J8=",
        "owner": "xmonad",
        "repo": "xmonad-contrib",
        "rev": "6cb2796fc0cd6fb8d6fea68a164c57878f19155a",
        "type": "github"
      },
      "original": {
        "owner": "xmonad",
        "repo": "xmonad-contrib",
        "type": "github"
      }
    },
    "xmonad_2": {
      "inputs": {
        "flake-utils": "flake-utils_4",
        "git-ignore-nix": "git-ignore-nix_4",
        "nixpkgs": "nixpkgs_10"
      },
      "locked": {
        "lastModified": 1636395307,
        "narHash": "sha256-g9sN9ecXkhoXWRCDrTPxg/w7mQZdbOSP3wGjOcV87SI=",
        "owner": "xmonad",
        "repo": "xmonad",
        "rev": "7f6d758ce5f6a111d4fadd137eead9a0ed6344cf",
        "type": "github"
      },
      "original": {
        "owner": "xmonad",
        "repo": "xmonad",
        "type": "github"
      }
    }
  },
  "root": "root",
  "version": 7
}
