{
  "nodes": {
    "emacs-overlay": {
      "locked": {
        "lastModified": 1628356768,
        "narHash": "sha256-MYnHBDAH1pF3jCvsnxjfECD2PP0t1ODVFH6SnzIc2FQ=",
        "owner": "nix-community",
        "repo": "emacs-overlay",
        "rev": "cd04543c0155979dc019213a434e71734455e903",
        "type": "github"
      },
      "original": {
        "owner": "nix-community",
        "repo": "emacs-overlay",
        "type": "github"
      }
    },
    "home-manager": {
      "inputs": {
        "nixpkgs": "nixpkgs"
      },
      "locked": {
        "lastModified": 1628287034,
        "narHash": "sha256-pWMEpQQcKxBy0OKskFLXJHEyGYJIiMu/BUQjCWxGF38=",
        "owner": "rycee",
        "repo": "home-manager",
        "rev": "b0d769691cc379c9ab91d3acec5d14e75c02c02b",
        "type": "github"
      },
      "original": {
        "owner": "rycee",
        "ref": "master",
        "repo": "home-manager",
        "type": "github"
      }
    },
    "nixpkgs": {
      "locked": {
        "lastModified": 1628371158,
        "narHash": "sha256-j/J8AS7JBOTQ7WNKMfXqjHZ+ke1QCIHN1ZGeYoCHBvE=",
        "owner": "NixOS",
        "repo": "nixpkgs",
        "rev": "52279811f541b0ac5b27379c40a401a7ef5f7c8e",
        "type": "github"
      },
      "original": {
        "id": "nixpkgs",
        "type": "indirect"
      }
    },
    "nixpkgs_2": {
      "locked": {
        "lastModified": 1628199198,
        "narHash": "sha256-DkMFcm5VdqbausjUjyHWGBlcXNw/EMFiQpiCY5KKtMo=",
        "owner": "nixos",
        "repo": "nixpkgs",
        "rev": "439b1605227b8adb1357b55ce8529d541abbe9eb",
        "type": "github"
      },
      "original": {
        "owner": "nixos",
        "ref": "nixos-unstable",
        "repo": "nixpkgs",
        "type": "github"
      }
    },
    "root": {
      "inputs": {
        "emacs-overlay": "emacs-overlay",
        "home-manager": "home-manager",
        "nixpkgs": "nixpkgs_2"
      }
    }
  },
  "root": "root",
  "version": 7
}
