{
  "nodes": {
    "emacs-overlay": {
      "locked": {
        "lastModified": 1628099055,
        "narHash": "sha256-ssjwl+GctvM2NH3IrCqp6K9T9bM2NSHNcNL+ImWDfEE=",
        "owner": "nix-community",
        "repo": "emacs-overlay",
        "rev": "1cc3cdec525a52b8b79ff617648046ca70b80c63",
        "type": "github"
      },
      "original": {
        "owner": "nix-community",
        "repo": "emacs-overlay",
        "type": "github"
      }
    },
    "home-manager": {
      "inputs": {
        "nixpkgs": "nixpkgs"
      },
      "locked": {
        "lastModified": 1627592512,
        "narHash": "sha256-+bauwACGl+/dTQB047XImRz5P6Lp6vxl5ruiKjtENxo=",
        "owner": "rycee",
        "repo": "home-manager",
        "rev": "7f976da06840c268cc291a021bab7532b923713c",
        "type": "github"
      },
      "original": {
        "owner": "rycee",
        "ref": "master",
        "repo": "home-manager",
        "type": "github"
      }
    },
    "nixpkgs": {
      "locked": {
        "lastModified": 1628097486,
        "narHash": "sha256-CvBr6FNZHXhhgoA4m/vsO+NUwCoXuKUJeYrkMmoEEdc=",
        "owner": "NixOS",
        "repo": "nixpkgs",
        "rev": "04b8bee53bc289d11c41b2259885ce54ca18ba2f",
        "type": "github"
      },
      "original": {
        "id": "nixpkgs",
        "type": "indirect"
      }
    },
    "nixpkgs_2": {
      "locked": {
        "lastModified": 1627942574,
        "narHash": "sha256-guUcGRWvY2mfiVSet2x/zeHIyflm2wgglj0ldg0mMio=",
        "owner": "nixos",
        "repo": "nixpkgs",
        "rev": "c464dc811babfe316ed4ab7bbc12351122e69dd7",
        "type": "github"
      },
      "original": {
        "owner": "nixos",
        "ref": "nixos-unstable",
        "repo": "nixpkgs",
        "type": "github"
      }
    },
    "root": {
      "inputs": {
        "emacs-overlay": "emacs-overlay",
        "home-manager": "home-manager",
        "nixpkgs": "nixpkgs_2"
      }
    }
  },
  "root": "root",
  "version": 7
}
